#
# This file is autogenerated by pip-compile with Python 3.14
# by the following command:
#
#    pip-compile --output-file=requirements.lock --strip-extras pyproject.toml
#
beautifulsoup4==4.14.3
    # via torrent-hound (pyproject.toml)
certifi==2026.2.25
    # via requests
charset-normalizer==3.4.7
    # via requests
idna==3.11
    # via requests
markdown-it-py==4.0.0
    # via rich
mdurl==0.1.2
    # via markdown-it-py
pygments==2.20.0
    # via rich
pyperclip==1.11.0
    # via torrent-hound (pyproject.toml)
requests==2.33.1
    # via torrent-hound (pyproject.toml)
rich==15.0.0
    # via torrent-hound (pyproject.toml)
soupsieve==2.8.3
    # via beautifulsoup4
typing-extensions==4.15.0
    # via beautifulsoup4
urllib3==2.6.3
    # via requests
